<?xml version="1.0" encoding="UTF-8"?>
<Scheme
   LastUpgradeVersion = "0620"
   version = "1.3">
   <BuildAction
      parallelizeBuildables = "YES"
      buildImplicitDependencies = "YES">
      <BuildActionEntries>
         <BuildActionEntry
            buildForTesting = "YES"
            buildForRunning = "YES"
            buildForProfiling = "YES"
            buildForArchiving = "YES"
            buildForAnalyzing = "YES">
            <BuildableReference
               BuildableIdentifier = "primary"
               BlueprintIdentifier = "D5E63D361A26AF5600D81488"
               BuildableName = "WatchKitTable Watch App.app"
               BlueprintName = "WatchKitTable Watch App"
               ReferencedContainer = "container:WatchKitTable.xcodeproj">
            </BuildableReference>
         </BuildActionEntry>
         <BuildActionEntry
            buildForTesting = "YES"
            buildForRunning = "YES"
            buildForProfiling = "YES"
            buildForArchiving = "YES"
            buildForAnalyzing = "YES">
            <BuildableReference
               BuildableIdentifier = "primary"
               BlueprintIdentifier = "D5E63CFB1A26AF3C00D81488"
               BuildableName = "WatchKitTable.app"
               BlueprintName = "WatchKitTable"
               ReferencedContainer = "container:WatchKitTable.xcodeproj">
            </BuildableReference>
         </BuildActionEntry>
         <BuildActionEntry
            buildForTesting = "YES"
            buildForRunning = "YES"
            buildForProfiling = "YES"
            buildForArchiving = "YES"
            buildForAnalyzing = "YES">
            <BuildableReference
               BuildableIdentifier = "primary"
               BlueprintIdentifier = "D5E63D281A26AF5600D81488"
               BuildableName = "WatchKitTable WatchKit Extension.appex"
               BlueprintName = "WatchKitTable WatchKit Extension"
               ReferencedContainer = "container:WatchKitTable.xcodeproj">
            </BuildableReference>
         </BuildActionEntry>
      </BuildActionEntries>
   </BuildAction>
   <TestAction
      selectedDebuggerIdentifier = "Xcode.DebuggerFoundation.Debugger.LLDB"
      selectedLauncherIdentifier = "Xcode.DebuggerFoundation.Launcher.LLDB"
      shouldUseLaunchSchemeArgsEnv = "YES"
      buildConfiguration = "Debug">
      <Testables>
      </Testables>
      <MacroExpansion>
         <BuildableReference
            BuildableIdentifier = "primary"
            BlueprintIdentifier = "D5E63D361A26AF5600D81488"
            BuildableName = "WatchKitTable Watch App.app"
            BlueprintName = "WatchKitTable Watch App"
            ReferencedContainer = "container:WatchKitTable.xcodeproj">
         </BuildableReference>
      </MacroExpansion>
   </TestAction>
   <LaunchAction
      selectedDebuggerIdentifier = "Xcode.DebuggerFoundation.Debugger.LLDB"
      selectedLauncherIdentifier = "Xcode.DebuggerFoundation.Launcher.LLDB"
      launchStyle = "0"
      useCustomWorkingDirectory = "NO"
      buildConfiguration = "Debug"
      ignoresPersistentStateOnLaunch = "NO"
      debugDocumentVersioning = "YES"
      allowLocationSimulation = "YES">
      <RemoteRunnable
         runnableDebuggingMode = "2"
         BundleIdentifier = "com.apple.springboard"
         RemotePath = "/WatchKitTable">
         <BuildableReference
            BuildableIdentifier = "primary"
            BlueprintIdentifier = "D5E63D361A26AF5600D81488"
            BuildableName = "WatchKitTable Watch App.app"
            BlueprintName = "WatchKitTable Watch App"
            ReferencedContainer = "container:WatchKitTable.xcodeproj">
         </BuildableReference>
      </RemoteRunnable>
      <MacroExpansion>
         <BuildableReference
            BuildableIdentifier = "primary"
            BlueprintIdentifier = "D5E63D361A26AF5600D81488"
            BuildableName = "WatchKitTable Watch App.app"
            BlueprintName = "WatchKitTable Watch App"
            ReferencedContainer = "container:WatchKitTable.xcodeproj">
         </BuildableReference>
      </MacroExpansion>
      <AdditionalOptions>
      </AdditionalOptions>
   </LaunchAction>
   <ProfileAction
      shouldUseLaunchSchemeArgsEnv = "YES"
      savedToolIdentifier = ""
      useCustomWorkingDirectory = "NO"
      buildConfiguration = "Release"
      debugDocumentVersioning = "YES">
      <RemoteRunnable
         runnableDebuggingMode = "2"
         BundleIdentifier = "com.apple.springboard"
         RemotePath = "/WatchKitTable">
         <BuildableReference
            BuildableIdentifier = "primary"
            BlueprintIdentifier = "D5E63D361A26AF5600D81488"
            BuildableName = "WatchKitTable Watch App.app"
            BlueprintName = "WatchKitTable Watch App"
            ReferencedContainer = "container:WatchKitTable.xcodeproj">
         </BuildableReference>
      </RemoteRunnable>
      <MacroExpansion>
         <BuildableReference
            BuildableIdentifier = "primary"
            BlueprintIdentifier = "D5E63D361A26AF5600D81488"
            BuildableName = "WatchKitTable Watch App.app"
            BlueprintName = "WatchKitTable Watch App"
            ReferencedContainer = "container:WatchKitTable.xcodeproj">
         </BuildableReference>
      </MacroExpansion>
   </ProfileAction>
   <AnalyzeAction
      buildConfiguration = "Debug">
   </AnalyzeAction>
   <ArchiveAction
      buildConfiguration = "Release"
      revealArchiveInOrganizer = "YES">
   </ArchiveAction>
</Scheme>
